
Microsoft Visual Studio Solution File, Format Version 12.00
# Visual Studio Version 16
VisualStudioVersion = 16.0.31005.135
MinimumVisualStudioVersion = 10.0.40219.1
Project("{FAE04EC0-301F-11D3-BF4B-00C04F79EFBC}") = "CRUDApp1", "CRUDApp1\CRUDApp1.csproj", "{9F5473D2-ADB6-416B-86A5-11CB4AEFE26E}"
EndProject
Global
	GlobalSection(SolutionConfigurationPlatforms) = preSolution
		Debug|Any CPU = Debug|Any CPU
		Release|Any CPU = Release|Any CPU
	EndGlobalSection
	GlobalSection(ProjectConfigurationPlatforms) = postSolution
		{9F5473D2-ADB6-416B-86A5-11CB4AEFE26E}.Debug|Any CPU.ActiveCfg = Debug|Any CPU
		{9F5473D2-ADB6-416B-86A5-11CB4AEFE26E}.Debug|Any CPU.Build.0 = Debug|Any CPU
		{9F5473D2-ADB6-416B-86A5-11CB4AEFE26E}.Release|Any CPU.ActiveCfg = Release|Any CPU
		{9F5473D2-ADB6-416B-86A5-11CB4AEFE26E}.Release|Any CPU.Build.0 = Release|Any CPU
	EndGlobalSection
	GlobalSection(SolutionProperties) = preSolution
		HideSolutionNode = FALSE
	EndGlobalSection
	GlobalSection(ExtensibilityGlobals) = postSolution
		SolutionGuid = {37C3E7CF-1070-4F96-B24C-3B244DE5AE16}
	EndGlobalSection
EndGlobal
